{
  "version": 4,
  "terraform_version": "1.12.2",
  "serial": 29,
  "lineage": "b6946a99-ddc4-2f7f-e364-e214a3e57e5a",
  "outputs": {
    "instance_public_ip": {
      "value": "65.2.124.86",
      "type": "string"
    },
    "pipeline_name": {
      "value": "myApp-pipeline",
      "type": "string"
    }
  },
  "resources": [
    {
      "mode": "managed",
      "type": "aws_codebuild_project",
      "name": "build",
      "provider": "provider[\"registry.terraform.io/hashicorp/aws\"]",
      "instances": [
        {
          "schema_version": 0,
          "attributes": {
            "arn": "arn:aws:codebuild:ap-south-1:358297490807:project/myApp-build",
            "artifacts": [
              {
                "artifact_identifier": "",
                "bucket_owner_access": "",
                "encryption_disabled": false,
                "location": "",
                "name": "myApp-build",
                "namespace_type": "",
                "override_artifact_name": false,
                "packaging": "NONE",
                "path": "",
                "type": "CODEPIPELINE"
              }
            ],
            "badge_enabled": false,
            "badge_url": "",
            "build_batch_config": [],
            "build_timeout": 60,
            "cache": [
              {
                "location": "",
                "modes": [],
                "type": "NO_CACHE"
              }
            ],
            "concurrent_build_limit": 0,
            "description": "",
            "encryption_key": "arn:aws:kms:ap-south-1:358297490807:alias/aws/s3",
            "environment": [
              {
                "certificate": "",
                "compute_type": "BUILD_GENERAL1_SMALL",
                "docker_server": [],
                "environment_variable": [],
                "fleet": [],
                "image": "aws/codebuild/amazonlinux2-x86_64-standard:5.0",
                "image_pull_credentials_type": "CODEBUILD",
                "privileged_mode": false,
                "registry_credential": [],
                "type": "LINUX_CONTAINER"
              }
            ],
            "file_system_locations": [],
            "id": "arn:aws:codebuild:ap-south-1:358297490807:project/myApp-build",
            "logs_config": [
              {
                "cloudwatch_logs": [
                  {
                    "group_name": "",
                    "status": "ENABLED",
                    "stream_name": ""
                  }
                ],
                "s3_logs": [
                  {
                    "bucket_owner_access": "",
                    "encryption_disabled": false,
                    "location": "",
                    "status": "DISABLED"
                  }
                ]
              }
            ],
            "name": "myApp-build",
            "project_visibility": "PRIVATE",
            "public_project_alias": "",
            "queued_timeout": 480,
            "region": "ap-south-1",
            "resource_access_role": "",
            "secondary_artifacts": [],
            "secondary_source_version": [],
            "secondary_sources": [],
            "service_role": "arn:aws:iam::358297490807:role/myApp-codebuild-role",
            "source": [
              {
                "auth": [],
                "build_status_config": [],
                "buildspec": "buildspec.yml",
                "git_clone_depth": 0,
                "git_submodules_config": [],
                "insecure_ssl": false,
                "location": "",
                "report_build_status": false,
                "type": "CODEPIPELINE"
              }
            ],
            "source_version": "",
            "tags": {},
            "tags_all": {},
            "vpc_config": []
          },
          "sensitive_attributes": [],
          "identity_schema_version": 0,
          "identity": {
            "arn": "arn:aws:codebuild:ap-south-1:358297490807:project/myApp-build"
          },
          "private": "bnVsbA==",
          "dependencies": [
            "aws_iam_role.codebuild_role"
          ]
        }
      ]
    },
    {
      "mode": "managed",
      "type": "aws_codedeploy_app",
      "name": "app",
      "provider": "provider[\"registry.terraform.io/hashicorp/aws\"]",
      "instances": [
        {
          "schema_version": 0,
          "attributes": {
            "application_id": "8a95b61f-e8de-4e43-a0df-9f0615321c55",
            "arn": "arn:aws:codedeploy:ap-south-1:358297490807:application:myApp-codedeploy-app",
            "compute_platform": "Server",
            "github_account_name": "",
            "id": "8a95b61f-e8de-4e43-a0df-9f0615321c55:myApp-codedeploy-app",
            "linked_to_github": false,
            "name": "myApp-codedeploy-app",
            "region": "ap-south-1",
            "tags": {},
            "tags_all": {}
          },
          "sensitive_attributes": [],
          "identity_schema_version": 0,
          "private": "bnVsbA=="
        }
      ]
    },
    {
      "mode": "managed",
      "type": "aws_codedeploy_deployment_group",
      "name": "group",
      "provider": "provider[\"registry.terraform.io/hashicorp/aws\"]",
      "instances": [
        {
          "schema_version": 0,
          "attributes": {
            "alarm_configuration": [],
            "app_name": "myApp-codedeploy-app",
            "arn": "arn:aws:codedeploy:ap-south-1:358297490807:deploymentgroup:myApp-codedeploy-app/myApp-deploy-group",
            "auto_rollback_configuration": [],
            "autoscaling_groups": [],
            "blue_green_deployment_config": [],
            "compute_platform": "Server",
            "deployment_config_name": "CodeDeployDefault.OneAtATime",
            "deployment_group_id": "2098aeaa-9ef8-48da-b0c2-b76c6bb00713",
            "deployment_group_name": "myApp-deploy-group",
            "deployment_style": [
              {
                "deployment_option": "WITHOUT_TRAFFIC_CONTROL",
                "deployment_type": "IN_PLACE"
              }
            ],
            "ec2_tag_filter": [],
            "ec2_tag_set": [
              {
                "ec2_tag_filter": [
                  {
                    "key": "Name",
                    "type": "KEY_AND_VALUE",
                    "value": "devops-server"
                  }
                ]
              }
            ],
            "ecs_service": [],
            "id": "2098aeaa-9ef8-48da-b0c2-b76c6bb00713",
            "load_balancer_info": [],
            "on_premises_instance_tag_filter": [],
            "outdated_instances_strategy": "UPDATE",
            "region": "ap-south-1",
            "service_role_arn": "arn:aws:iam::358297490807:role/myApp-codepipeline-role",
            "tags": {},
            "tags_all": {},
            "termination_hook_enabled": false,
            "trigger_configuration": []
          },
          "sensitive_attributes": [],
          "identity_schema_version": 0,
          "private": "bnVsbA==",
          "dependencies": [
            "aws_codedeploy_app.app",
            "aws_iam_role.codepipeline_role"
          ]
        }
      ]
    },
    {
      "mode": "managed",
      "type": "aws_codepipeline",
      "name": "pipeline",
      "provider": "provider[\"registry.terraform.io/hashicorp/aws\"]",
      "instances": [
        {
          "schema_version": 0,
          "attributes": {
            "arn": "arn:aws:codepipeline:ap-south-1:358297490807:myApp-pipeline",
            "artifact_store": [
              {
                "encryption_key": [],
                "location": "sidharthpanigrahibucket",
                "region": "",
                "type": "S3"
              }
            ],
            "execution_mode": "SUPERSEDED",
            "id": "myApp-pipeline",
            "name": "myApp-pipeline",
            "pipeline_type": "V1",
            "region": "ap-south-1",
            "role_arn": "arn:aws:iam::358297490807:role/myApp-codepipeline-role",
            "stage": [
              {
                "action": [
                  {
                    "category": "Source",
                    "configuration": {
                      "Branch": "main",
                      "OAuthToken": "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",
                      "Owner": "SIDHARTHPANIGRAHI",
                      "Repo": "devops-masters-2025-project"
                    },
                    "input_artifacts": [],
                    "name": "GitHub_Source",
                    "namespace": "",
                    "output_artifacts": [
                      "source_output"
                    ],
                    "owner": "ThirdParty",
                    "provider": "GitHub",
                    "region": "",
                    "role_arn": "",
                    "run_order": 1,
                    "timeout_in_minutes": 0,
                    "version": "1"
                  }
                ],
                "before_entry": [],
                "name": "Source",
                "on_failure": [],
                "on_success": []
              },
              {
                "action": [
                  {
                    "category": "Build",
                    "configuration": {
                      "ProjectName": "myApp-build"
                    },
                    "input_artifacts": [
                      "source_output"
                    ],
                    "name": "Build",
                    "namespace": "",
                    "output_artifacts": [
                      "build_output"
                    ],
                    "owner": "AWS",
                    "provider": "CodeBuild",
                    "region": "",
                    "role_arn": "",
                    "run_order": 1,
                    "timeout_in_minutes": 0,
                    "version": "1"
                  }
                ],
                "before_entry": [],
                "name": "Build",
                "on_failure": [],
                "on_success": []
              },
              {
                "action": [
                  {
                    "category": "Deploy",
                    "configuration": {
                      "ApplicationName": "myApp-codedeploy-app",
                      "DeploymentGroupName": "myApp-deploy-group"
                    },
                    "input_artifacts": [
                      "build_output"
                    ],
                    "name": "Deploy",
                    "namespace": "",
                    "output_artifacts": [],
                    "owner": "AWS",
                    "provider": "CodeDeploy",
                    "region": "",
                    "role_arn": "",
                    "run_order": 1,
                    "timeout_in_minutes": 0,
                    "version": "1"
                  }
                ],
                "before_entry": [],
                "name": "Deploy",
                "on_failure": [],
                "on_success": []
              }
            ],
            "tags": {},
            "tags_all": {},
            "trigger": [],
            "trigger_all": [],
            "variable": []
          },
          "sensitive_attributes": [],
          "identity_schema_version": 0,
          "private": "bnVsbA==",
          "dependencies": [
            "aws_codebuild_project.build",
            "aws_codedeploy_app.app",
            "aws_codedeploy_deployment_group.group",
            "aws_iam_role.codebuild_role",
            "aws_iam_role.codepipeline_role",
            "aws_s3_bucket.artifact_bucket"
          ]
        }
      ]
    },
    {
      "mode": "managed",
      "type": "aws_iam_instance_profile",
      "name": "ec2_profile",
      "provider": "provider[\"registry.terraform.io/hashicorp/aws\"]",
      "instances": [
        {
          "schema_version": 0,
          "attributes": {
            "arn": "arn:aws:iam::358297490807:instance-profile/myApp-ec2-profile",
            "create_date": "2025-07-26T07:33:03Z",
            "id": "myApp-ec2-profile",
            "name": "myApp-ec2-profile",
            "name_prefix": "",
            "path": "/",
            "role": "myApp-ec2-role",
            "tags": {},
            "tags_all": {},
            "unique_id": "AIPAVG3BR2V3YWJ3CGDLS"
          },
          "sensitive_attributes": [],
          "identity_schema_version": 0,
          "private": "bnVsbA==",
          "dependencies": [
            "aws_iam_role.ec2_role"
          ]
        }
      ]
    },
    {
      "mode": "managed",
      "type": "aws_iam_policy",
      "name": "ec2_artifact_access_policy",
      "provider": "provider[\"registry.terraform.io/hashicorp/aws\"]",
      "instances": [
        {
          "schema_version": 0,
          "attributes": {
            "arn": "arn:aws:iam::358297490807:policy/myApp-ec2-s3-access",
            "attachment_count": 1,
            "description": "",
            "id": "arn:aws:iam::358297490807:policy/myApp-ec2-s3-access",
            "name": "myApp-ec2-s3-access",
            "name_prefix": "",
            "path": "/",
            "policy": "{\"Statement\":[{\"Action\":[\"s3:GetObject\",\"s3:GetObjectVersion\",\"s3:ListBucket\"],\"Effect\":\"Allow\",\"Resource\":[\"arn:aws:s3:::sidharthpanigrahibucket\",\"arn:aws:s3:::sidharthpanigrahibucket/*\"]}],\"Version\":\"2012-10-17\"}",
            "policy_id": "ANPAVG3BR2V35YLWNXRSU",
            "tags": {},
            "tags_all": {}
          },
          "sensitive_attributes": [],
          "identity_schema_version": 0,
          "identity": {
            "arn": "arn:aws:iam::358297490807:policy/myApp-ec2-s3-access"
          },
          "private": "bnVsbA=="
        }
      ]
    },
    {
      "mode": "managed",
      "type": "aws_iam_role",
      "name": "codebuild_role",
      "provider": "provider[\"registry.terraform.io/hashicorp/aws\"]",
      "instances": [
        {
          "schema_version": 0,
          "attributes": {
            "arn": "arn:aws:iam::358297490807:role/myApp-codebuild-role",
            "assume_role_policy": "{\"Statement\":[{\"Action\":\"sts:AssumeRole\",\"Effect\":\"Allow\",\"Principal\":{\"Service\":\"codebuild.amazonaws.com\"}}],\"Version\":\"2012-10-17\"}",
            "create_date": "2025-07-26T07:33:01Z",
            "description": "",
            "force_detach_policies": false,
            "id": "myApp-codebuild-role",
            "inline_policy": [
              {
                "name": "myApp-codebuild-policy",
                "policy": "{\"Version\":\"2012-10-17\",\"Statement\":[{\"Action\":[\"logs:*\",\"s3:*\"],\"Effect\":\"Allow\",\"Resource\":\"*\"}]}"
              }
            ],
            "managed_policy_arns": [],
            "max_session_duration": 3600,
            "name": "myApp-codebuild-role",
            "name_prefix": "",
            "path": "/",
            "permissions_boundary": "",
            "tags": {},
            "tags_all": {},
            "unique_id": "AROAVG3BR2V37FHP57V5C"
          },
          "sensitive_attributes": [],
          "identity_schema_version": 0,
          "identity": {
            "account_id": "358297490807",
            "name": "myApp-codebuild-role"
          },
          "private": "bnVsbA=="
        }
      ]
    },
    {
      "mode": "managed",
      "type": "aws_iam_role",
      "name": "codepipeline_role",
      "provider": "provider[\"registry.terraform.io/hashicorp/aws\"]",
      "instances": [
        {
          "schema_version": 0,
          "attributes": {
            "arn": "arn:aws:iam::358297490807:role/myApp-codepipeline-role",
            "assume_role_policy": "{\"Statement\":[{\"Action\":\"sts:AssumeRole\",\"Effect\":\"Allow\",\"Principal\":{\"Service\":[\"codepipeline.amazonaws.com\",\"codedeploy.amazonaws.com\"]}}],\"Version\":\"2012-10-17\"}",
            "create_date": "2025-07-26T07:33:01Z",
            "description": "",
            "force_detach_policies": false,
            "id": "myApp-codepipeline-role",
            "inline_policy": [
              {
                "name": "myApp-codepipeline-policy",
                "policy": "{\"Version\":\"2012-10-17\",\"Statement\":[{\"Action\":[\"*\"],\"Effect\":\"Allow\",\"Resource\":\"*\"}]}"
              }
            ],
            "managed_policy_arns": [],
            "max_session_duration": 3600,
            "name": "myApp-codepipeline-role",
            "name_prefix": "",
            "path": "/",
            "permissions_boundary": "",
            "tags": {},
            "tags_all": {},
            "unique_id": "AROAVG3BR2V3TAILLSTKF"
          },
          "sensitive_attributes": [],
          "identity_schema_version": 0,
          "identity": {
            "account_id": "358297490807",
            "name": "myApp-codepipeline-role"
          },
          "private": "bnVsbA=="
        }
      ]
    },
    {
      "mode": "managed",
      "type": "aws_iam_role",
      "name": "ec2_role",
      "provider": "provider[\"registry.terraform.io/hashicorp/aws\"]",
      "instances": [
        {
          "schema_version": 0,
          "attributes": {
            "arn": "arn:aws:iam::358297490807:role/myApp-ec2-role",
            "assume_role_policy": "{\"Statement\":[{\"Action\":\"sts:AssumeRole\",\"Effect\":\"Allow\",\"Principal\":{\"Service\":\"ec2.amazonaws.com\"}}],\"Version\":\"2012-10-17\"}",
            "create_date": "2025-07-26T07:33:01Z",
            "description": "",
            "force_detach_policies": false,
            "id": "myApp-ec2-role",
            "inline_policy": [],
            "managed_policy_arns": [
              "arn:aws:iam::358297490807:policy/myApp-ec2-s3-access"
            ],
            "max_session_duration": 3600,
            "name": "myApp-ec2-role",
            "name_prefix": "",
            "path": "/",
            "permissions_boundary": "",
            "tags": {},
            "tags_all": {},
            "unique_id": "AROAVG3BR2V33X5ZKFZFW"
          },
          "sensitive_attributes": [],
          "identity_schema_version": 0,
          "identity": {
            "account_id": "358297490807",
            "name": "myApp-ec2-role"
          },
          "private": "bnVsbA=="
        }
      ]
    },
    {
      "mode": "managed",
      "type": "aws_iam_role_policy",
      "name": "codebuild_policy",
      "provider": "provider[\"registry.terraform.io/hashicorp/aws\"]",
      "instances": [
        {
          "schema_version": 0,
          "attributes": {
            "id": "myApp-codebuild-role:myApp-codebuild-policy",
            "name": "myApp-codebuild-policy",
            "name_prefix": "",
            "policy": "{\"Version\":\"2012-10-17\",\"Statement\":[{\"Action\":[\"logs:*\",\"s3:*\"],\"Effect\":\"Allow\",\"Resource\":\"*\"}]}",
            "role": "myApp-codebuild-role"
          },
          "sensitive_attributes": [],
          "identity_schema_version": 0,
          "identity": {
            "account_id": "358297490807",
            "name": "myApp-codebuild-policy",
            "role": "myApp-codebuild-role"
          },
          "private": "bnVsbA==",
          "dependencies": [
            "aws_iam_role.codebuild_role"
          ]
        }
      ]
    },
    {
      "mode": "managed",
      "type": "aws_iam_role_policy",
      "name": "codepipeline_policy",
      "provider": "provider[\"registry.terraform.io/hashicorp/aws\"]",
      "instances": [
        {
          "schema_version": 0,
          "attributes": {
            "id": "myApp-codepipeline-role:myApp-codepipeline-policy",
            "name": "myApp-codepipeline-policy",
            "name_prefix": "",
            "policy": "{\"Version\":\"2012-10-17\",\"Statement\":[{\"Action\":[\"*\"],\"Effect\":\"Allow\",\"Resource\":\"*\"}]}",
            "role": "myApp-codepipeline-role"
          },
          "sensitive_attributes": [],
          "identity_schema_version": 0,
          "identity": {
            "account_id": "358297490807",
            "name": "myApp-codepipeline-policy",
            "role": "myApp-codepipeline-role"
          },
          "private": "bnVsbA==",
          "dependencies": [
            "aws_iam_role.codepipeline_role"
          ]
        }
      ]
    },
    {
      "mode": "managed",
      "type": "aws_iam_role_policy_attachment",
      "name": "ec2_s3_access_attach",
      "provider": "provider[\"registry.terraform.io/hashicorp/aws\"]",
      "instances": [
        {
          "schema_version": 0,
          "attributes": {
            "id": "myApp-ec2-role/arn:aws:iam::358297490807:policy/myApp-ec2-s3-access",
            "policy_arn": "arn:aws:iam::358297490807:policy/myApp-ec2-s3-access",
            "role": "myApp-ec2-role"
          },
          "sensitive_attributes": [],
          "identity_schema_version": 0,
          "identity": {
            "account_id": "358297490807",
            "policy_arn": "arn:aws:iam::358297490807:policy/myApp-ec2-s3-access",
            "role": "myApp-ec2-role"
          },
          "private": "bnVsbA==",
          "dependencies": [
            "aws_iam_policy.ec2_artifact_access_policy",
            "aws_iam_role.ec2_role"
          ]
        }
      ]
    },
    {
      "mode": "managed",
      "type": "aws_instance",
      "name": "web",
      "provider": "provider[\"registry.terraform.io/hashicorp/aws\"]",
      "instances": [
        {
          "schema_version": 2,
          "attributes": {
            "ami": "ami-0d0ad8bb301edb745",
            "arn": "arn:aws:ec2:ap-south-1:358297490807:instance/i-0e7d14e8952f34d24",
            "associate_public_ip_address": true,
            "availability_zone": "ap-south-1a",
            "capacity_reservation_specification": [
              {
                "capacity_reservation_preference": "open",
                "capacity_reservation_target": []
              }
            ],
            "cpu_options": [
              {
                "amd_sev_snp": "",
                "core_count": 1,
                "threads_per_core": 1
              }
            ],
            "credit_specification": [
              {
                "cpu_credits": "standard"
              }
            ],
            "disable_api_stop": false,
            "disable_api_termination": false,
            "ebs_block_device": [],
            "ebs_optimized": false,
            "enable_primary_ipv6": null,
            "enclave_options": [
              {
                "enabled": false
              }
            ],
            "ephemeral_block_device": [],
            "get_password_data": false,
            "hibernation": false,
            "host_id": "",
            "host_resource_group_arn": null,
            "iam_instance_profile": "myApp-ec2-profile",
            "id": "i-0e7d14e8952f34d24",
            "instance_initiated_shutdown_behavior": "stop",
            "instance_lifecycle": "",
            "instance_market_options": [],
            "instance_state": "running",
            "instance_type": "t2.micro",
            "ipv6_address_count": 0,
            "ipv6_addresses": [],
            "key_name": "anything",
            "launch_template": [],
            "maintenance_options": [
              {
                "auto_recovery": "default"
              }
            ],
            "metadata_options": [
              {
                "http_endpoint": "enabled",
                "http_protocol_ipv6": "disabled",
                "http_put_response_hop_limit": 2,
                "http_tokens": "required",
                "instance_metadata_tags": "disabled"
              }
            ],
            "monitoring": false,
            "network_interface": [],
            "outpost_arn": "",
            "password_data": "",
            "placement_group": "",
            "placement_partition_number": 0,
            "primary_network_interface_id": "eni-06451341514615007",
            "private_dns": "ip-10-0-1-34.ap-south-1.compute.internal",
            "private_dns_name_options": [
              {
                "enable_resource_name_dns_a_record": false,
                "enable_resource_name_dns_aaaa_record": false,
                "hostname_type": "ip-name"
              }
            ],
            "private_ip": "10.0.1.34",
            "public_dns": "ec2-65-2-124-86.ap-south-1.compute.amazonaws.com",
            "public_ip": "65.2.124.86",
            "region": "ap-south-1",
            "root_block_device": [
              {
                "delete_on_termination": true,
                "device_name": "/dev/xvda",
                "encrypted": false,
                "iops": 3000,
                "kms_key_id": "",
                "tags": {},
                "tags_all": {},
                "throughput": 125,
                "volume_id": "vol-0a8f192f36336b3b2",
                "volume_size": 8,
                "volume_type": "gp3"
              }
            ],
            "secondary_private_ips": [],
            "security_groups": [],
            "source_dest_check": true,
            "spot_instance_request_id": "",
            "subnet_id": "subnet-00ea6aa2e88221c92",
            "tags": {
              "Name": "devops-server"
            },
            "tags_all": {
              "Name": "devops-server"
            },
            "tenancy": "default",
            "timeouts": null,
            "user_data": "#!/bin/bash\r\nyum update -y\r\nyum install -y ruby wget\r\ncd /home/ec2-user\r\nwget https://aws-codedeploy-ap-south-1.s3.ap-south-1.amazonaws.com/latest/install\r\nchmod +x ./install\r\n./install auto\r\nsystemctl start codedeploy-agent\r\n",
            "user_data_base64": null,
            "user_data_replace_on_change": false,
            "volume_tags": null,
            "vpc_security_group_ids": [
              "sg-0c919985355cc1484"
            ]
          },
          "sensitive_attributes": [],
          "identity_schema_version": 0,
          "private": "eyJlMmJmYjczMC1lY2FhLTExZTYtOGY4OC0zNDM2M2JjN2M0YzAiOnsiY3JlYXRlIjo2MDAwMDAwMDAwMDAsImRlbGV0ZSI6MTIwMDAwMDAwMDAwMCwicmVhZCI6OTAwMDAwMDAwMDAwLCJ1cGRhdGUiOjYwMDAwMDAwMDAwMH0sInNjaGVtYV92ZXJzaW9uIjoiMiJ9",
          "dependencies": [
            "aws_iam_instance_profile.ec2_profile",
            "aws_iam_role.ec2_role",
            "aws_security_group.web_sg",
            "aws_subnet.public",
            "aws_vpc.main"
          ]
        }
      ]
    },
    {
      "mode": "managed",
      "type": "aws_internet_gateway",
      "name": "gw",
      "provider": "provider[\"registry.terraform.io/hashicorp/aws\"]",
      "instances": [
        {
          "schema_version": 0,
          "attributes": {
            "arn": "arn:aws:ec2:ap-south-1:358297490807:internet-gateway/igw-0948d8f32f7a1ba72",
            "id": "igw-0948d8f32f7a1ba72",
            "owner_id": "358297490807",
            "region": "ap-south-1",
            "tags": {
              "Name": "myApp-igw"
            },
            "tags_all": {
              "Name": "myApp-igw"
            },
            "timeouts": null,
            "vpc_id": "vpc-02f9cf0c91781a43a"
          },
          "sensitive_attributes": [],
          "identity_schema_version": 0,
          "private": "eyJlMmJmYjczMC1lY2FhLTExZTYtOGY4OC0zNDM2M2JjN2M0YzAiOnsiY3JlYXRlIjoxMjAwMDAwMDAwMDAwLCJkZWxldGUiOjEyMDAwMDAwMDAwMDAsInVwZGF0ZSI6MTIwMDAwMDAwMDAwMH19",
          "dependencies": [
            "aws_vpc.main"
          ]
        }
      ]
    },
    {
      "mode": "managed",
      "type": "aws_route_table",
      "name": "public_rt",
      "provider": "provider[\"registry.terraform.io/hashicorp/aws\"]",
      "instances": [
        {
          "schema_version": 0,
          "attributes": {
            "arn": "arn:aws:ec2:ap-south-1:358297490807:route-table/rtb-0fc433fd19a1de95b",
            "id": "rtb-0fc433fd19a1de95b",
            "owner_id": "358297490807",
            "propagating_vgws": [],
            "region": "ap-south-1",
            "route": [
              {
                "carrier_gateway_id": "",
                "cidr_block": "0.0.0.0/0",
                "core_network_arn": "",
                "destination_prefix_list_id": "",
                "egress_only_gateway_id": "",
                "gateway_id": "igw-0948d8f32f7a1ba72",
                "ipv6_cidr_block": "",
                "local_gateway_id": "",
                "nat_gateway_id": "",
                "network_interface_id": "",
                "transit_gateway_id": "",
                "vpc_endpoint_id": "",
                "vpc_peering_connection_id": ""
              }
            ],
            "tags": {
              "Name": "myApp-public-rt"
            },
            "tags_all": {
              "Name": "myApp-public-rt"
            },
            "timeouts": null,
            "vpc_id": "vpc-02f9cf0c91781a43a"
          },
          "sensitive_attributes": [],
          "identity_schema_version": 0,
          "private": "eyJlMmJmYjczMC1lY2FhLTExZTYtOGY4OC0zNDM2M2JjN2M0YzAiOnsiY3JlYXRlIjozMDAwMDAwMDAwMDAsImRlbGV0ZSI6MzAwMDAwMDAwMDAwLCJ1cGRhdGUiOjEyMDAwMDAwMDAwMH19",
          "dependencies": [
            "aws_internet_gateway.gw",
            "aws_vpc.main"
          ]
        }
      ]
    },
    {
      "mode": "managed",
      "type": "aws_route_table_association",
      "name": "public_rt_association",
      "provider": "provider[\"registry.terraform.io/hashicorp/aws\"]",
      "instances": [
        {
          "schema_version": 0,
          "attributes": {
            "gateway_id": "",
            "id": "rtbassoc-08c26e3188b41f6fd",
            "region": "ap-south-1",
            "route_table_id": "rtb-0fc433fd19a1de95b",
            "subnet_id": "subnet-00ea6aa2e88221c92",
            "timeouts": null
          },
          "sensitive_attributes": [],
          "identity_schema_version": 0,
          "private": "eyJlMmJmYjczMC1lY2FhLTExZTYtOGY4OC0zNDM2M2JjN2M0YzAiOnsiY3JlYXRlIjozMDAwMDAwMDAwMDAsImRlbGV0ZSI6MzAwMDAwMDAwMDAwLCJ1cGRhdGUiOjEyMDAwMDAwMDAwMH19",
          "dependencies": [
            "aws_internet_gateway.gw",
            "aws_route_table.public_rt",
            "aws_subnet.public",
            "aws_vpc.main"
          ]
        }
      ]
    },
    {
      "mode": "managed",
      "type": "aws_s3_bucket",
      "name": "artifact_bucket",
      "provider": "provider[\"registry.terraform.io/hashicorp/aws\"]",
      "instances": [
        {
          "schema_version": 0,
          "attributes": {
            "acceleration_status": "",
            "acl": null,
            "arn": "arn:aws:s3:::sidharthpanigrahibucket",
            "bucket": "sidharthpanigrahibucket",
            "bucket_domain_name": "sidharthpanigrahibucket.s3.amazonaws.com",
            "bucket_prefix": "",
            "bucket_region": "ap-south-1",
            "bucket_regional_domain_name": "sidharthpanigrahibucket.s3.ap-south-1.amazonaws.com",
            "cors_rule": [],
            "force_destroy": true,
            "grant": [
              {
                "id": "1f6c0845146169c5498733632d5d211720ff3201cc2c96165d969b6384e09cc6",
                "permissions": [
                  "FULL_CONTROL"
                ],
                "type": "CanonicalUser",
                "uri": ""
              }
            ],
            "hosted_zone_id": "Z11RGJOFQNVJUP",
            "id": "sidharthpanigrahibucket",
            "lifecycle_rule": [],
            "logging": [],
            "object_lock_configuration": [],
            "object_lock_enabled": false,
            "policy": "",
            "region": "ap-south-1",
            "replication_configuration": [],
            "request_payer": "BucketOwner",
            "server_side_encryption_configuration": [
              {
                "rule": [
                  {
                    "apply_server_side_encryption_by_default": [
                      {
                        "kms_master_key_id": "",
                        "sse_algorithm": "AES256"
                      }
                    ],
                    "bucket_key_enabled": false
                  }
                ]
              }
            ],
            "tags": {},
            "tags_all": {},
            "timeouts": null,
            "versioning": [
              {
                "enabled": true,
                "mfa_delete": false
              }
            ],
            "website": [],
            "website_domain": null,
            "website_endpoint": null
          },
          "sensitive_attributes": [],
          "identity_schema_version": 0,
          "identity": {
            "account_id": "358297490807",
            "bucket": "sidharthpanigrahibucket",
            "region": "ap-south-1"
          },
          "private": "eyJlMmJmYjczMC1lY2FhLTExZTYtOGY4OC0zNDM2M2JjN2M0YzAiOnsiY3JlYXRlIjoxMjAwMDAwMDAwMDAwLCJkZWxldGUiOjM2MDAwMDAwMDAwMDAsInJlYWQiOjEyMDAwMDAwMDAwMDAsInVwZGF0ZSI6MTIwMDAwMDAwMDAwMH19"
        }
      ]
    },
    {
      "mode": "managed",
      "type": "aws_s3_bucket_versioning",
      "name": "versioning",
      "provider": "provider[\"registry.terraform.io/hashicorp/aws\"]",
      "instances": [
        {
          "schema_version": 0,
          "attributes": {
            "bucket": "sidharthpanigrahibucket",
            "expected_bucket_owner": "",
            "id": "sidharthpanigrahibucket",
            "mfa": null,
            "region": "ap-south-1",
            "versioning_configuration": [
              {
                "mfa_delete": "",
                "status": "Enabled"
              }
            ]
          },
          "sensitive_attributes": [],
          "identity_schema_version": 0,
          "private": "bnVsbA==",
          "dependencies": [
            "aws_s3_bucket.artifact_bucket"
          ]
        }
      ]
    },
    {
      "mode": "managed",
      "type": "aws_security_group",
      "name": "web_sg",
      "provider": "provider[\"registry.terraform.io/hashicorp/aws\"]",
      "instances": [
        {
          "schema_version": 1,
          "attributes": {
            "arn": "arn:aws:ec2:ap-south-1:358297490807:security-group/sg-0c919985355cc1484",
            "description": "Allow HTTP \u0026 SSH",
            "egress": [
              {
                "cidr_blocks": [
                  "0.0.0.0/0"
                ],
                "description": "",
                "from_port": 0,
                "ipv6_cidr_blocks": [],
                "prefix_list_ids": [],
                "protocol": "-1",
                "security_groups": [],
                "self": false,
                "to_port": 0
              }
            ],
            "id": "sg-0c919985355cc1484",
            "ingress": [
              {
                "cidr_blocks": [
                  "0.0.0.0/0"
                ],
                "description": "",
                "from_port": 22,
                "ipv6_cidr_blocks": [],
                "prefix_list_ids": [],
                "protocol": "tcp",
                "security_groups": [],
                "self": false,
                "to_port": 22
              },
              {
                "cidr_blocks": [
                  "0.0.0.0/0"
                ],
                "description": "",
                "from_port": 80,
                "ipv6_cidr_blocks": [],
                "prefix_list_ids": [],
                "protocol": "tcp",
                "security_groups": [],
                "self": false,
                "to_port": 80
              }
            ],
            "name": "myApp-sg",
            "name_prefix": "",
            "owner_id": "358297490807",
            "region": "ap-south-1",
            "revoke_rules_on_delete": false,
            "tags": {},
            "tags_all": {},
            "timeouts": null,
            "vpc_id": "vpc-02f9cf0c91781a43a"
          },
          "sensitive_attributes": [],
          "identity_schema_version": 0,
          "private": "eyJlMmJmYjczMC1lY2FhLTExZTYtOGY4OC0zNDM2M2JjN2M0YzAiOnsiY3JlYXRlIjo2MDAwMDAwMDAwMDAsImRlbGV0ZSI6OTAwMDAwMDAwMDAwfSwic2NoZW1hX3ZlcnNpb24iOiIxIn0=",
          "dependencies": [
            "aws_vpc.main"
          ]
        }
      ]
    },
    {
      "mode": "managed",
      "type": "aws_subnet",
      "name": "public",
      "provider": "provider[\"registry.terraform.io/hashicorp/aws\"]",
      "instances": [
        {
          "schema_version": 1,
          "attributes": {
            "arn": "arn:aws:ec2:ap-south-1:358297490807:subnet/subnet-00ea6aa2e88221c92",
            "assign_ipv6_address_on_creation": false,
            "availability_zone": "ap-south-1a",
            "availability_zone_id": "aps1-az1",
            "cidr_block": "10.0.1.0/24",
            "customer_owned_ipv4_pool": "",
            "enable_dns64": false,
            "enable_lni_at_device_index": 0,
            "enable_resource_name_dns_a_record_on_launch": false,
            "enable_resource_name_dns_aaaa_record_on_launch": false,
            "id": "subnet-00ea6aa2e88221c92",
            "ipv6_cidr_block": "",
            "ipv6_cidr_block_association_id": "",
            "ipv6_native": false,
            "map_customer_owned_ip_on_launch": false,
            "map_public_ip_on_launch": true,
            "outpost_arn": "",
            "owner_id": "358297490807",
            "private_dns_hostname_type_on_launch": "ip-name",
            "region": "ap-south-1",
            "tags": {
              "Name": "myApp-public-subnet"
            },
            "tags_all": {
              "Name": "myApp-public-subnet"
            },
            "timeouts": null,
            "vpc_id": "vpc-02f9cf0c91781a43a"
          },
          "sensitive_attributes": [],
          "identity_schema_version": 0,
          "private": "eyJlMmJmYjczMC1lY2FhLTExZTYtOGY4OC0zNDM2M2JjN2M0YzAiOnsiY3JlYXRlIjo2MDAwMDAwMDAwMDAsImRlbGV0ZSI6MTIwMDAwMDAwMDAwMH0sInNjaGVtYV92ZXJzaW9uIjoiMSJ9",
          "dependencies": [
            "aws_vpc.main"
          ]
        }
      ]
    },
    {
      "mode": "managed",
      "type": "aws_vpc",
      "name": "main",
      "provider": "provider[\"registry.terraform.io/hashicorp/aws\"]",
      "instances": [
        {
          "schema_version": 1,
          "attributes": {
            "arn": "arn:aws:ec2:ap-south-1:358297490807:vpc/vpc-02f9cf0c91781a43a",
            "assign_generated_ipv6_cidr_block": false,
            "cidr_block": "10.0.0.0/16",
            "default_network_acl_id": "acl-0ea442282ea378760",
            "default_route_table_id": "rtb-0825a83f8fa701d84",
            "default_security_group_id": "sg-08454ec2a11928038",
            "dhcp_options_id": "dopt-0017ea88a6c87eb9d",
            "enable_dns_hostnames": true,
            "enable_dns_support": true,
            "enable_network_address_usage_metrics": false,
            "id": "vpc-02f9cf0c91781a43a",
            "instance_tenancy": "default",
            "ipv4_ipam_pool_id": null,
            "ipv4_netmask_length": null,
            "ipv6_association_id": "",
            "ipv6_cidr_block": "",
            "ipv6_cidr_block_network_border_group": "",
            "ipv6_ipam_pool_id": "",
            "ipv6_netmask_length": 0,
            "main_route_table_id": "rtb-0825a83f8fa701d84",
            "owner_id": "358297490807",
            "region": "ap-south-1",
            "tags": {
              "Name": "myApp-vpc"
            },
            "tags_all": {
              "Name": "myApp-vpc"
            }
          },
          "sensitive_attributes": [],
          "identity_schema_version": 0,
          "private": "eyJzY2hlbWFfdmVyc2lvbiI6IjEifQ=="
        }
      ]
    }
  ],
  "check_results": null
}
